
Microsoft Visual Studio Solution File, Format Version 12.00
# Visual Studio Version 17
VisualStudioVersion = 17.13.35828.75 d17.13
MinimumVisualStudioVersion = 10.0.40219.1
Project("{FAE04EC0-301F-11D3-BF4B-00C04F79EFBC}") = "AppProjetoAluno", "AppProjetoAluno.csproj", "{0D4594F0-7E18-4873-8E8B-B40423F3EB1D}"
EndProject
Global
	GlobalSection(SolutionConfigurationPlatforms) = preSolution
		Debug|Any CPU = Debug|Any CPU
		Release|Any CPU = Release|Any CPU
	EndGlobalSection
	GlobalSection(ProjectConfigurationPlatforms) = postSolution
		{0D4594F0-7E18-4873-8E8B-B40423F3EB1D}.Debug|Any CPU.ActiveCfg = Debug|Any CPU
		{0D4594F0-7E18-4873-8E8B-B40423F3EB1D}.Debug|Any CPU.Build.0 = Debug|Any CPU
		{0D4594F0-7E18-4873-8E8B-B40423F3EB1D}.Release|Any CPU.ActiveCfg = Release|Any CPU
		{0D4594F0-7E18-4873-8E8B-B40423F3EB1D}.Release|Any CPU.Build.0 = Release|Any CPU
	EndGlobalSection
	GlobalSection(SolutionProperties) = preSolution
		HideSolutionNode = FALSE
	EndGlobalSection
	GlobalSection(ExtensibilityGlobals) = postSolution
		SolutionGuid = {575CE4AF-8BC6-4102-8372-C5E9346780D8}
	EndGlobalSection
EndGlobal
