
Microsoft Visual Studio Solution File, Format Version 12.00
# Visual Studio Version 17
VisualStudioVersion = 17.13.35828.75 d17.13
MinimumVisualStudioVersion = 10.0.40219.1
Project("{FAE04EC0-301F-11D3-BF4B-00C04F79EFBC}") = "AppExemplo1", "AppExemplo1\AppExemplo1.csproj", "{34ECB3A8-83F7-4FFE-8FA3-E6DA41ABC6FF}"
EndProject
Global
	GlobalSection(SolutionConfigurationPlatforms) = preSolution
		Debug|Any CPU = Debug|Any CPU
		Release|Any CPU = Release|Any CPU
	EndGlobalSection
	GlobalSection(ProjectConfigurationPlatforms) = postSolution
		{34ECB3A8-83F7-4FFE-8FA3-E6DA41ABC6FF}.Debug|Any CPU.ActiveCfg = Debug|Any CPU
		{34ECB3A8-83F7-4FFE-8FA3-E6DA41ABC6FF}.Debug|Any CPU.Build.0 = Debug|Any CPU
		{34ECB3A8-83F7-4FFE-8FA3-E6DA41ABC6FF}.Release|Any CPU.ActiveCfg = Release|Any CPU
		{34ECB3A8-83F7-4FFE-8FA3-E6DA41ABC6FF}.Release|Any CPU.Build.0 = Release|Any CPU
	EndGlobalSection
	GlobalSection(SolutionProperties) = preSolution
		HideSolutionNode = FALSE
	EndGlobalSection
	GlobalSection(ExtensibilityGlobals) = postSolution
		SolutionGuid = {B336ACDC-398C-4972-A712-5ACED4C9DAE5}
	EndGlobalSection
EndGlobal
